
Microsoft Visual Studio Solution File, Format Version 12.00
# Visual Studio Version 16
VisualStudioVersion = 16.0.30011.22
MinimumVisualStudioVersion = 10.0.40219.1
Project("{FAE04EC0-301F-11D3-BF4B-00C04F79EFBC}") = "Logic", "Logic\Logic.csproj", "{9AE49E63-9476-45C2-9E31-5EED7740556F}"
EndProject
Project("{FAE04EC0-301F-11D3-BF4B-00C04F79EFBC}") = "WindowsUI", "WindowsUI\WindowsUI.csproj", "{05C63075-40FC-4393-9FEC-A4CD9E29EC0F}"
EndProject
Global
	GlobalSection(SolutionConfigurationPlatforms) = preSolution
		Debug|Any CPU = Debug|Any CPU
		Release|Any CPU = Release|Any CPU
	EndGlobalSection
	GlobalSection(ProjectConfigurationPlatforms) = postSolution
		{9AE49E63-9476-45C2-9E31-5EED7740556F}.Debug|Any CPU.ActiveCfg = Debug|Any CPU
		{9AE49E63-9476-45C2-9E31-5EED7740556F}.Debug|Any CPU.Build.0 = Debug|Any CPU
		{9AE49E63-9476-45C2-9E31-5EED7740556F}.Release|Any CPU.ActiveCfg = Release|Any CPU
		{9AE49E63-9476-45C2-9E31-5EED7740556F}.Release|Any CPU.Build.0 = Release|Any CPU
		{05C63075-40FC-4393-9FEC-A4CD9E29EC0F}.Debug|Any CPU.ActiveCfg = Debug|Any CPU
		{05C63075-40FC-4393-9FEC-A4CD9E29EC0F}.Debug|Any CPU.Build.0 = Debug|Any CPU
		{05C63075-40FC-4393-9FEC-A4CD9E29EC0F}.Release|Any CPU.ActiveCfg = Release|Any CPU
		{05C63075-40FC-4393-9FEC-A4CD9E29EC0F}.Release|Any CPU.Build.0 = Release|Any CPU
	EndGlobalSection
	GlobalSection(SolutionProperties) = preSolution
		HideSolutionNode = FALSE
	EndGlobalSection
	GlobalSection(ExtensibilityGlobals) = postSolution
		SolutionGuid = {9CB85B98-ECD4-42F9-917B-EA2B563950B2}
	EndGlobalSection
EndGlobal
